
Microsoft Visual Studio Solution File, Format Version 12.00
# Visual Studio 15
VisualStudioVersion = 15.0.28307.539
MinimumVisualStudioVersion = 10.0.40219.1
Project("{FAE04EC0-301F-11D3-BF4B-00C04F79EFBC}") = "HtmlSpider", "HtmlSpider\HtmlSpider.csproj", "{518121FB-F99C-45D2-AE98-32E952FC5473}"
EndProject
Global
	GlobalSection(SolutionConfigurationPlatforms) = preSolution
		Debug|Any CPU = Debug|Any CPU
		Release|Any CPU = Release|Any CPU
	EndGlobalSection
	GlobalSection(ProjectConfigurationPlatforms) = postSolution
		{518121FB-F99C-45D2-AE98-32E952FC5473}.Debug|Any CPU.ActiveCfg = Debug|Any CPU
		{518121FB-F99C-45D2-AE98-32E952FC5473}.Debug|Any CPU.Build.0 = Debug|Any CPU
		{518121FB-F99C-45D2-AE98-32E952FC5473}.Release|Any CPU.ActiveCfg = Release|Any CPU
		{518121FB-F99C-45D2-AE98-32E952FC5473}.Release|Any CPU.Build.0 = Release|Any CPU
	EndGlobalSection
	GlobalSection(SolutionProperties) = preSolution
		HideSolutionNode = FALSE
	EndGlobalSection
	GlobalSection(ExtensibilityGlobals) = postSolution
		SolutionGuid = {A3D6D14E-FB1C-4AF6-94EB-15FD52C07FE2}
	EndGlobalSection
EndGlobal
